
Microsoft Visual Studio Solution File, Format Version 12.00
# Visual Studio Version 17
VisualStudioVersion = 17.5.33502.453
MinimumVisualStudioVersion = 10.0.40219.1
Project("{FAE04EC0-301F-11D3-BF4B-00C04F79EFBC}") = "WindowsFormsApp1", "WindowsFormsApp1\WindowsFormsApp1.csproj", "{14A056EA-8925-4F66-9C03-2FA7948C68E8}"
EndProject
Global
	GlobalSection(SolutionConfigurationPlatforms) = preSolution
		Debug|Any CPU = Debug|Any CPU
		Release|Any CPU = Release|Any CPU
	EndGlobalSection
	GlobalSection(ProjectConfigurationPlatforms) = postSolution
		{14A056EA-8925-4F66-9C03-2FA7948C68E8}.Debug|Any CPU.ActiveCfg = Debug|Any CPU
		{14A056EA-8925-4F66-9C03-2FA7948C68E8}.Debug|Any CPU.Build.0 = Debug|Any CPU
		{14A056EA-8925-4F66-9C03-2FA7948C68E8}.Release|Any CPU.ActiveCfg = Release|Any CPU
		{14A056EA-8925-4F66-9C03-2FA7948C68E8}.Release|Any CPU.Build.0 = Release|Any CPU
	EndGlobalSection
	GlobalSection(SolutionProperties) = preSolution
		HideSolutionNode = FALSE
	EndGlobalSection
	GlobalSection(ExtensibilityGlobals) = postSolution
		SolutionGuid = {99E73F08-2DD7-472C-B30B-9A0C1DC75B92}
	EndGlobalSection
EndGlobal
